// !$*UTF8*$!
{
	archiveVersion = 1;
	classes = {
	};
	objectVersion = 55;
	objects = {

/* Begin PBXBuildFile section */
		B613847C28A3C93E0001BABA /* Homework3.storyboard in Resources */ = {isa = PBXBuildFile; fileRef = B613847B28A3C93E0001BABA /* Homework3.storyboard */; };
		B613847E28A3C94F0001BABA /* Homework3ViewController.swift in Sources */ = {isa = PBXBuildFile; fileRef = B613847D28A3C94F0001BABA /* Homework3ViewController.swift */; };
		B61520D828E0665D00C1CD83 /* MyPoint.storyboard in Resources */ = {isa = PBXBuildFile; fileRef = B61520D728E0665D00C1CD83 /* MyPoint.storyboard */; };
		B61520DC28E0686600C1CD83 /* MyPointViewController.swift in Sources */ = {isa = PBXBuildFile; fileRef = B61520DB28E0686600C1CD83 /* MyPointViewController.swift */; };
		B61520DF28E078AE00C1CD83 /* ButtonBenefit.storyboard in Resources */ = {isa = PBXBuildFile; fileRef = B61520DE28E078AE00C1CD83 /* ButtonBenefit.storyboard */; };
		B61520E128E078BC00C1CD83 /* ButtonBenefitViewController.swift in Sources */ = {isa = PBXBuildFile; fileRef = B61520E028E078BC00C1CD83 /* ButtonBenefitViewController.swift */; };
		B61520E428E0790900C1CD83 /* BenefitDetails.swift in Sources */ = {isa = PBXBuildFile; fileRef = B61520E328E0790900C1CD83 /* BenefitDetails.swift */; };
		B61520E628E07D6300C1CD83 /* BenefitGuideView.swift in Sources */ = {isa = PBXBuildFile; fileRef = B61520E528E07D6300C1CD83 /* BenefitGuideView.swift */; };
		B61520E828E09D9800C1CD83 /* BenefitListViewModel.swift in Sources */ = {isa = PBXBuildFile; fileRef = B61520E728E09D9800C1CD83 /* BenefitListViewModel.swift */; };
		B61520EA28E09F3E00C1CD83 /* MyPointViewModel.swift in Sources */ = {isa = PBXBuildFile; fileRef = B61520E928E09F3E00C1CD83 /* MyPointViewModel.swift */; };
		B63564BC28B9D6CE001108BF /* FrameworkModel.swift in Sources */ = {isa = PBXBuildFile; fileRef = B63564BB28B9D6CE001108BF /* FrameworkModel.swift */; };
		B63564BE28B9D75C001108BF /* AppleFrameworkViewController.swift in Sources */ = {isa = PBXBuildFile; fileRef = B63564BD28B9D75C001108BF /* AppleFrameworkViewController.swift */; };
		B63564C028B9D885001108BF /* AppleFrameworkCell.swift in Sources */ = {isa = PBXBuildFile; fileRef = B63564BF28B9D885001108BF /* AppleFrameworkCell.swift */; };
		B6512E7828D2036800ECE6D5 /* InstagramViewController.swift in Sources */ = {isa = PBXBuildFile; fileRef = B6512E7728D2036800ECE6D5 /* InstagramViewController.swift */; };
		B6512E7A28D2046600ECE6D5 /* InstagramCell.swift in Sources */ = {isa = PBXBuildFile; fileRef = B6512E7928D2046600ECE6D5 /* InstagramCell.swift */; };
		B65794D1289A799300121193 /* AppDelegate.swift in Sources */ = {isa = PBXBuildFile; fileRef = B65794D0289A799300121193 /* AppDelegate.swift */; };
		B65794D3289A799300121193 /* SceneDelegate.swift in Sources */ = {isa = PBXBuildFile; fileRef = B65794D2289A799300121193 /* SceneDelegate.swift */; };
		B65794D5289A799300121193 /* ViewController.swift in Sources */ = {isa = PBXBuildFile; fileRef = B65794D4289A799300121193 /* ViewController.swift */; };
		B65794D8289A799300121193 /* Main.storyboard in Resources */ = {isa = PBXBuildFile; fileRef = B65794D6289A799300121193 /* Main.storyboard */; };
		B65794DA289A799300121193 /* Assets.xcassets in Resources */ = {isa = PBXBuildFile; fileRef = B65794D9289A799300121193 /* Assets.xcassets */; };
		B65794DD289A799300121193 /* LaunchScreen.storyboard in Resources */ = {isa = PBXBuildFile; fileRef = B65794DB289A799300121193 /* LaunchScreen.storyboard */; };
		B65E34A528CC9F0B009EF028 /* KakaoChatListViewController.swift in Sources */ = {isa = PBXBuildFile; fileRef = B65E34A428CC9F0B009EF028 /* KakaoChatListViewController.swift */; };
		B65E34A728CCA089009EF028 /* ChatList.swift in Sources */ = {isa = PBXBuildFile; fileRef = B65E34A628CCA089009EF028 /* ChatList.swift */; };
		B65FA37B28BB3A1800C9DAB7 /* HeadSpaceViewController.swift in Sources */ = {isa = PBXBuildFile; fileRef = B65FA37A28BB3A1800C9DAB7 /* HeadSpaceViewController.swift */; };
		B65FA37D28BB3A2000C9DAB7 /* Focus.swift in Sources */ = {isa = PBXBuildFile; fileRef = B65FA37C28BB3A2000C9DAB7 /* Focus.swift */; };
		B65FA37F28BB3AC600C9DAB7 /* HeadSpaceCollectionViewCell.swift in Sources */ = {isa = PBXBuildFile; fileRef = B65FA37E28BB3AC600C9DAB7 /* HeadSpaceCollectionViewCell.swift */; };
		B661B64928B79BAF004EFE56 /* ChatListCollectionViewCell.swift in Sources */ = {isa = PBXBuildFile; fileRef = B661B64828B79BAF004EFE56 /* ChatListCollectionViewCell.swift */; };
		B661B64D28B79BDD004EFE56 /* ChatListViewController.swift in Sources */ = {isa = PBXBuildFile; fileRef = B661B64C28B79BDD004EFE56 /* ChatListViewController.swift */; };
		B661B64F28B79BF5004EFE56 /* Homework6.storyboard in Resources */ = {isa = PBXBuildFile; fileRef = B661B64E28B79BF5004EFE56 /* Homework6.storyboard */; };
		B661B65128B79CDD004EFE56 /* Chat.swift in Sources */ = {isa = PBXBuildFile; fileRef = B661B65028B79CDD004EFE56 /* Chat.swift */; };
		B66DBF4E28DFFFF1002B3CA4 /* TossBenefitStoryBoard.storyboard in Resources */ = {isa = PBXBuildFile; fileRef = B66DBF4D28DFFFF1002B3CA4 /* TossBenefitStoryBoard.storyboard */; };
		B66DBF5028E00015002B3CA4 /* BenefitViewController.swift in Sources */ = {isa = PBXBuildFile; fileRef = B66DBF4F28E00015002B3CA4 /* BenefitViewController.swift */; };
		B66DBF5228E001FF002B3CA4 /* Benefit.swift in Sources */ = {isa = PBXBuildFile; fileRef = B66DBF5128E001FF002B3CA4 /* Benefit.swift */; };
		B66DBF5428E00207002B3CA4 /* MyPoint.swift in Sources */ = {isa = PBXBuildFile; fileRef = B66DBF5328E00207002B3CA4 /* MyPoint.swift */; };
		B66DBF5728E003C1002B3CA4 /* MyPointCell.swift in Sources */ = {isa = PBXBuildFile; fileRef = B66DBF5628E003C1002B3CA4 /* MyPointCell.swift */; };
		B66DBF5928E003E7002B3CA4 /* TodayBenefitCell.swift in Sources */ = {isa = PBXBuildFile; fileRef = B66DBF5828E003E7002B3CA4 /* TodayBenefitCell.swift */; };
		B66DBF5B28E003F5002B3CA4 /* BenefitCell.swift in Sources */ = {isa = PBXBuildFile; fileRef = B66DBF5A28E003F5002B3CA4 /* BenefitCell.swift */; };
		B66DBF5D28E006F0002B3CA4 /* TodaySectionItem.swift in Sources */ = {isa = PBXBuildFile; fileRef = B66DBF5C28E006F0002B3CA4 /* TodaySectionItem.swift */; };
		B680909828A8C925002F694F /* Homework5ViewController.swift in Sources */ = {isa = PBXBuildFile; fileRef = B680909728A8C925002F694F /* Homework5ViewController.swift */; };
		B680909A28A8C92D002F694F /* Homework5.storyboard in Resources */ = {isa = PBXBuildFile; fileRef = B680909928A8C92D002F694F /* Homework5.storyboard */; };
		B68ED80C28A6028500F1B064 /* Homework4.storyboard in Resources */ = {isa = PBXBuildFile; fileRef = B68ED80B28A6028500F1B064 /* Homework4.storyboard */; };
		B68ED80E28A6029300F1B064 /* HomeWork4ViewController.swift in Sources */ = {isa = PBXBuildFile; fileRef = B68ED80D28A6029300F1B064 /* HomeWork4ViewController.swift */; };
		B6A7B98D28CCA48000E83A92 /* ChatListCell.swift in Sources */ = {isa = PBXBuildFile; fileRef = B6A7B98C28CCA48000E83A92 /* ChatListCell.swift */; };
		B6A8F0D828A8CC0D0065F4BA /* StockModel.swift in Sources */ = {isa = PBXBuildFile; fileRef = B6A8F0D728A8CC0D0065F4BA /* StockModel.swift */; };
		B6A8F0DA28A8D4810065F4BA /* StockRankCollectionViewCell.swift in Sources */ = {isa = PBXBuildFile; fileRef = B6A8F0D928A8D4810065F4BA /* StockRankCollectionViewCell.swift */; };
		B6C8834728C22AA4003EAC2D /* SpotifyViewCoViewController.swift in Sources */ = {isa = PBXBuildFile; fileRef = B6C8834628C22AA4003EAC2D /* SpotifyViewCoViewController.swift */; };
		B6C8834928C22D6F003EAC2D /* SpotifyModel.swift in Sources */ = {isa = PBXBuildFile; fileRef = B6C8834828C22D6F003EAC2D /* SpotifyModel.swift */; };
		B6C8834B28C43379003EAC2D /* BannerInfo.swift in Sources */ = {isa = PBXBuildFile; fileRef = B6C8834A28C43379003EAC2D /* BannerInfo.swift */; };
		B6C8834D28C438D3003EAC2D /* BannerCell.swift in Sources */ = {isa = PBXBuildFile; fileRef = B6C8834C28C438D3003EAC2D /* BannerCell.swift */; };
/* End PBXBuildFile section */

/* Begin PBXFileReference section */
		B613847B28A3C93E0001BABA /* Homework3.storyboard */ = {isa = PBXFileReference; lastKnownFileType = file.storyboard; path = Homework3.storyboard; sourceTree = "<group>"; };
		B613847D28A3C94F0001BABA /* Homework3ViewController.swift */ = {isa = PBXFileReference; lastKnownFileType = sourcecode.swift; path = Homework3ViewController.swift; sourceTree = "<group>"; };
		B61520D728E0665D00C1CD83 /* MyPoint.storyboard */ = {isa = PBXFileReference; lastKnownFileType = file.storyboard; path = MyPoint.storyboard; sourceTree = "<group>"; };
		B61520DB28E0686600C1CD83 /* MyPointViewController.swift */ = {isa = PBXFileReference; lastKnownFileType = sourcecode.swift; path = MyPointViewController.swift; sourceTree = "<group>"; };
		B61520DE28E078AE00C1CD83 /* ButtonBenefit.storyboard */ = {isa = PBXFileReference; lastKnownFileType = file.storyboard; path = ButtonBenefit.storyboard; sourceTree = "<group>"; };
		B61520E028E078BC00C1CD83 /* ButtonBenefitViewController.swift */ = {isa = PBXFileReference; lastKnownFileType = sourcecode.swift; path = ButtonBenefitViewController.swift; sourceTree = "<group>"; };
		B61520E328E0790900C1CD83 /* BenefitDetails.swift */ = {isa = PBXFileReference; lastKnownFileType = sourcecode.swift; path = BenefitDetails.swift; sourceTree = "<group>"; };
		B61520E528E07D6300C1CD83 /* BenefitGuideView.swift */ = {isa = PBXFileReference; lastKnownFileType = sourcecode.swift; path = BenefitGuideView.swift; sourceTree = "<group>"; };
		B61520E728E09D9800C1CD83 /* BenefitListViewModel.swift */ = {isa = PBXFileReference; lastKnownFileType = sourcecode.swift; path = BenefitListViewModel.swift; sourceTree = "<group>"; };
		B61520E928E09F3E00C1CD83 /* MyPointViewModel.swift */ = {isa = PBXFileReference; lastKnownFileType = sourcecode.swift; path = MyPointViewModel.swift; sourceTree = "<group>"; };
		B63564BB28B9D6CE001108BF /* FrameworkModel.swift */ = {isa = PBXFileReference; lastKnownFileType = sourcecode.swift; path = FrameworkModel.swift; sourceTree = "<group>"; };
		B63564BD28B9D75C001108BF /* AppleFrameworkViewController.swift */ = {isa = PBXFileReference; lastKnownFileType = sourcecode.swift; path = AppleFrameworkViewController.swift; sourceTree = "<group>"; };
		B63564BF28B9D885001108BF /* AppleFrameworkCell.swift */ = {isa = PBXFileReference; lastKnownFileType = sourcecode.swift; path = AppleFrameworkCell.swift; sourceTree = "<group>"; };
		B6512E7728D2036800ECE6D5 /* InstagramViewController.swift */ = {isa = PBXFileReference; lastKnownFileType = sourcecode.swift; path = InstagramViewController.swift; sourceTree = "<group>"; };
		B6512E7928D2046600ECE6D5 /* InstagramCell.swift */ = {isa = PBXFileReference; lastKnownFileType = sourcecode.swift; path = InstagramCell.swift; sourceTree = "<group>"; };
		B65794CD289A799300121193 /* UIKitStudy.app */ = {isa = PBXFileReference; explicitFileType = wrapper.application; includeInIndex = 0; path = UIKitStudy.app; sourceTree = BUILT_PRODUCTS_DIR; };
		B65794D0289A799300121193 /* AppDelegate.swift */ = {isa = PBXFileReference; lastKnownFileType = sourcecode.swift; path = AppDelegate.swift; sourceTree = "<group>"; };
		B65794D2289A799300121193 /* SceneDelegate.swift */ = {isa = PBXFileReference; lastKnownFileType = sourcecode.swift; path = SceneDelegate.swift; sourceTree = "<group>"; };
		B65794D4289A799300121193 /* ViewController.swift */ = {isa = PBXFileReference; lastKnownFileType = sourcecode.swift; path = ViewController.swift; sourceTree = "<group>"; };
		B65794D7289A799300121193 /* Base */ = {isa = PBXFileReference; lastKnownFileType = file.storyboard; name = Base; path = Base.lproj/Main.storyboard; sourceTree = "<group>"; };
		B65794D9289A799300121193 /* Assets.xcassets */ = {isa = PBXFileReference; lastKnownFileType = folder.assetcatalog; path = Assets.xcassets; sourceTree = "<group>"; };
		B65794DC289A799300121193 /* Base */ = {isa = PBXFileReference; lastKnownFileType = file.storyboard; name = Base; path = Base.lproj/LaunchScreen.storyboard; sourceTree = "<group>"; };
		B65794DE289A799300121193 /* Info.plist */ = {isa = PBXFileReference; lastKnownFileType = text.plist.xml; path = Info.plist; sourceTree = "<group>"; };
		B65E34A428CC9F0B009EF028 /* KakaoChatListViewController.swift */ = {isa = PBXFileReference; lastKnownFileType = sourcecode.swift; path = KakaoChatListViewController.swift; sourceTree = "<group>"; };
		B65E34A628CCA089009EF028 /* ChatList.swift */ = {isa = PBXFileReference; lastKnownFileType = sourcecode.swift; path = ChatList.swift; sourceTree = "<group>"; };
		B65FA37A28BB3A1800C9DAB7 /* HeadSpaceViewController.swift */ = {isa = PBXFileReference; lastKnownFileType = sourcecode.swift; path = HeadSpaceViewController.swift; sourceTree = "<group>"; };
		B65FA37C28BB3A2000C9DAB7 /* Focus.swift */ = {isa = PBXFileReference; lastKnownFileType = sourcecode.swift; path = Focus.swift; sourceTree = "<group>"; };
		B65FA37E28BB3AC600C9DAB7 /* HeadSpaceCollectionViewCell.swift */ = {isa = PBXFileReference; lastKnownFileType = sourcecode.swift; path = HeadSpaceCollectionViewCell.swift; sourceTree = "<group>"; };
		B661B64828B79BAF004EFE56 /* ChatListCollectionViewCell.swift */ = {isa = PBXFileReference; lastKnownFileType = sourcecode.swift; path = ChatListCollectionViewCell.swift; sourceTree = "<group>"; };
		B661B64C28B79BDD004EFE56 /* ChatListViewController.swift */ = {isa = PBXFileReference; lastKnownFileType = sourcecode.swift; path = ChatListViewController.swift; sourceTree = "<group>"; };
		B661B64E28B79BF5004EFE56 /* Homework6.storyboard */ = {isa = PBXFileReference; lastKnownFileType = file.storyboard; path = Homework6.storyboard; sourceTree = "<group>"; };
		B661B65028B79CDD004EFE56 /* Chat.swift */ = {isa = PBXFileReference; lastKnownFileType = sourcecode.swift; path = Chat.swift; sourceTree = "<group>"; };
		B66DBF4D28DFFFF1002B3CA4 /* TossBenefitStoryBoard.storyboard */ = {isa = PBXFileReference; lastKnownFileType = file.storyboard; path = TossBenefitStoryBoard.storyboard; sourceTree = "<group>"; };
		B66DBF4F28E00015002B3CA4 /* BenefitViewController.swift */ = {isa = PBXFileReference; lastKnownFileType = sourcecode.swift; path = BenefitViewController.swift; sourceTree = "<group>"; };
		B66DBF5128E001FF002B3CA4 /* Benefit.swift */ = {isa = PBXFileReference; lastKnownFileType = sourcecode.swift; path = Benefit.swift; sourceTree = "<group>"; };
		B66DBF5328E00207002B3CA4 /* MyPoint.swift */ = {isa = PBXFileReference; lastKnownFileType = sourcecode.swift; path = MyPoint.swift; sourceTree = "<group>"; };
		B66DBF5628E003C1002B3CA4 /* MyPointCell.swift */ = {isa = PBXFileReference; lastKnownFileType = sourcecode.swift; path = MyPointCell.swift; sourceTree = "<group>"; };
		B66DBF5828E003E7002B3CA4 /* TodayBenefitCell.swift */ = {isa = PBXFileReference; lastKnownFileType = sourcecode.swift; path = TodayBenefitCell.swift; sourceTree = "<group>"; };
		B66DBF5A28E003F5002B3CA4 /* BenefitCell.swift */ = {isa = PBXFileReference; lastKnownFileType = sourcecode.swift; path = BenefitCell.swift; sourceTree = "<group>"; };
		B66DBF5C28E006F0002B3CA4 /* TodaySectionItem.swift */ = {isa = PBXFileReference; lastKnownFileType = sourcecode.swift; path = TodaySectionItem.swift; sourceTree = "<group>"; };
		B680909728A8C925002F694F /* Homework5ViewController.swift */ = {isa = PBXFileReference; lastKnownFileType = sourcecode.swift; path = Homework5ViewController.swift; sourceTree = "<group>"; };
		B680909928A8C92D002F694F /* Homework5.storyboard */ = {isa = PBXFileReference; lastKnownFileType = file.storyboard; path = Homework5.storyboard; sourceTree = "<group>"; };
		B68ED80B28A6028500F1B064 /* Homework4.storyboard */ = {isa = PBXFileReference; lastKnownFileType = file.storyboard; path = Homework4.storyboard; sourceTree = "<group>"; };
		B68ED80D28A6029300F1B064 /* HomeWork4ViewController.swift */ = {isa = PBXFileReference; lastKnownFileType = sourcecode.swift; path = HomeWork4ViewController.swift; sourceTree = "<group>"; };
		B6A7B98C28CCA48000E83A92 /* ChatListCell.swift */ = {isa = PBXFileReference; lastKnownFileType = sourcecode.swift; path = ChatListCell.swift; sourceTree = "<group>"; };
		B6A8F0D728A8CC0D0065F4BA /* StockModel.swift */ = {isa = PBXFileReference; lastKnownFileType = sourcecode.swift; path = StockModel.swift; sourceTree = "<group>"; };
		B6A8F0D928A8D4810065F4BA /* StockRankCollectionViewCell.swift */ = {isa = PBXFileReference; lastKnownFileType = sourcecode.swift; path = StockRankCollectionViewCell.swift; sourceTree = "<group>"; };
		B6C8834628C22AA4003EAC2D /* SpotifyViewCoViewController.swift */ = {isa = PBXFileReference; lastKnownFileType = sourcecode.swift; path = SpotifyViewCoViewController.swift; sourceTree = "<group>"; };
		B6C8834828C22D6F003EAC2D /* SpotifyModel.swift */ = {isa = PBXFileReference; lastKnownFileType = sourcecode.swift; path = SpotifyModel.swift; sourceTree = "<group>"; };
		B6C8834A28C43379003EAC2D /* BannerInfo.swift */ = {isa = PBXFileReference; lastKnownFileType = sourcecode.swift; path = BannerInfo.swift; sourceTree = "<group>"; };
		B6C8834C28C438D3003EAC2D /* BannerCell.swift */ = {isa = PBXFileReference; lastKnownFileType = sourcecode.swift; path = BannerCell.swift; sourceTree = "<group>"; };
/* End PBXFileReference section */

/* Begin PBXFrameworksBuildPhase section */
		B65794CA289A799300121193 /* Frameworks */ = {
			isa = PBXFrameworksBuildPhase;
			buildActionMask = 2147483647;
			files = (
			);
			runOnlyForDeploymentPostprocessing = 0;
		};
/* End PBXFrameworksBuildPhase section */

/* Begin PBXGroup section */
		B613847A28A3C91A0001BABA /* Homework3 */ = {
			isa = PBXGroup;
			children = (
				B613847B28A3C93E0001BABA /* Homework3.storyboard */,
				B613847D28A3C94F0001BABA /* Homework3ViewController.swift */,
			);
			path = Homework3;
			sourceTree = "<group>";
		};
		B61520DD28E0687900C1CD83 /* MyPoint */ = {
			isa = PBXGroup;
			children = (
				B61520D728E0665D00C1CD83 /* MyPoint.storyboard */,
				B61520DB28E0686600C1CD83 /* MyPointViewController.swift */,
				B61520E928E09F3E00C1CD83 /* MyPointViewModel.swift */,
			);
			path = MyPoint;
			sourceTree = "<group>";
		};
		B61520E228E078C200C1CD83 /* Benefit */ = {
			isa = PBXGroup;
			children = (
				B61520E028E078BC00C1CD83 /* ButtonBenefitViewController.swift */,
				B61520DE28E078AE00C1CD83 /* ButtonBenefit.storyboard */,
				B61520E528E07D6300C1CD83 /* BenefitGuideView.swift */,
			);
			path = Benefit;
			sourceTree = "<group>";
		};
		B63564BA28B9D6A6001108BF /* Homework7 */ = {
			isa = PBXGroup;
			children = (
				B63564BB28B9D6CE001108BF /* FrameworkModel.swift */,
				B63564BD28B9D75C001108BF /* AppleFrameworkViewController.swift */,
				B63564BF28B9D885001108BF /* AppleFrameworkCell.swift */,
			);
			path = Homework7;
			sourceTree = "<group>";
		};
		B6512E7428D2025500ECE6D5 /* Instagram */ = {
			isa = PBXGroup;
			children = (
				B6512E7728D2036800ECE6D5 /* InstagramViewController.swift */,
				B6512E7928D2046600ECE6D5 /* InstagramCell.swift */,
			);
			path = Instagram;
			sourceTree = "<group>";
		};
		B65794C4289A799300121193 = {
			isa = PBXGroup;
			children = (
				B66DBF4828DFFE6F002B3CA4 /* Toss */,
				B6512E7428D2025500ECE6D5 /* Instagram */,
				B65E34A328CC9EF8009EF028 /* KakaoChatList */,
				B6C8834528C22A1D003EAC2D /* Spotify */,
				B65FA37928BB3A0000C9DAB7 /* Homework8 */,
				B63564BA28B9D6A6001108BF /* Homework7 */,
				B661B64728B79B8A004EFE56 /* Homework6 */,
				B680909628A8C913002F694F /* Homework5 */,
				B68ED80A28A6026900F1B064 /* Homework4 */,
				B613847A28A3C91A0001BABA /* Homework3 */,
				B65794CF289A799300121193 /* Homework2 */,
				B65794CE289A799300121193 /* Products */,
				C5F9D26E69C8C1B58F5E2B90 /* Pods */,
			);
			sourceTree = "<group>";
		};
		B65794CE289A799300121193 /* Products */ = {
			isa = PBXGroup;
			children = (
				B65794CD289A799300121193 /* UIKitStudy.app */,
			);
			name = Products;
			sourceTree = "<group>";
		};
		B65794CF289A799300121193 /* Homework2 */ = {
			isa = PBXGroup;
			children = (
				B65794DE289A799300121193 /* Info.plist */,
				B65794DB289A799300121193 /* LaunchScreen.storyboard */,
				B65794D0289A799300121193 /* AppDelegate.swift */,
				B65794D2289A799300121193 /* SceneDelegate.swift */,
				B65794D4289A799300121193 /* ViewController.swift */,
				B65794D6289A799300121193 /* Main.storyboard */,
				B65794D9289A799300121193 /* Assets.xcassets */,
			);
			path = Homework2;
			sourceTree = "<group>";
		};
		B65E34A328CC9EF8009EF028 /* KakaoChatList */ = {
			isa = PBXGroup;
			children = (
				B65E34A428CC9F0B009EF028 /* KakaoChatListViewController.swift */,
				B6A7B98C28CCA48000E83A92 /* ChatListCell.swift */,
				B65E34A628CCA089009EF028 /* ChatList.swift */,
			);
			path = KakaoChatList;
			sourceTree = "<group>";
		};
		B65FA37928BB3A0000C9DAB7 /* Homework8 */ = {
			isa = PBXGroup;
			children = (
				B65FA37A28BB3A1800C9DAB7 /* HeadSpaceViewController.swift */,
				B65FA37C28BB3A2000C9DAB7 /* Focus.swift */,
				B65FA37E28BB3AC600C9DAB7 /* HeadSpaceCollectionViewCell.swift */,
			);
			path = Homework8;
			sourceTree = "<group>";
		};
		B661B64728B79B8A004EFE56 /* Homework6 */ = {
			isa = PBXGroup;
			children = (
				B661B64828B79BAF004EFE56 /* ChatListCollectionViewCell.swift */,
				B661B64C28B79BDD004EFE56 /* ChatListViewController.swift */,
				B661B65028B79CDD004EFE56 /* Chat.swift */,
				B661B64E28B79BF5004EFE56 /* Homework6.storyboard */,
			);
			path = Homework6;
			sourceTree = "<group>";
		};
		B66DBF4828DFFE6F002B3CA4 /* Toss */ = {
			isa = PBXGroup;
			children = (
				B61520E228E078C200C1CD83 /* Benefit */,
				B66DBF4D28DFFFF1002B3CA4 /* TossBenefitStoryBoard.storyboard */,
				B66DBF4F28E00015002B3CA4 /* BenefitViewController.swift */,
				B61520E728E09D9800C1CD83 /* BenefitListViewModel.swift */,
				B66DBF5628E003C1002B3CA4 /* MyPointCell.swift */,
				B66DBF5828E003E7002B3CA4 /* TodayBenefitCell.swift */,
				B66DBF5A28E003F5002B3CA4 /* BenefitCell.swift */,
				B66DBF5528E00210002B3CA4 /* Model */,
				B61520DD28E0687900C1CD83 /* MyPoint */,
			);
			path = Toss;
			sourceTree = "<group>";
		};
		B66DBF5528E00210002B3CA4 /* Model */ = {
			isa = PBXGroup;
			children = (
				B66DBF5128E001FF002B3CA4 /* Benefit.swift */,
				B66DBF5328E00207002B3CA4 /* MyPoint.swift */,
				B66DBF5C28E006F0002B3CA4 /* TodaySectionItem.swift */,
				B61520E328E0790900C1CD83 /* BenefitDetails.swift */,
			);
			path = Model;
			sourceTree = "<group>";
		};
		B680909628A8C913002F694F /* Homework5 */ = {
			isa = PBXGroup;
			children = (
				B680909928A8C92D002F694F /* Homework5.storyboard */,
				B680909728A8C925002F694F /* Homework5ViewController.swift */,
				B6A8F0D728A8CC0D0065F4BA /* StockModel.swift */,
				B6A8F0D928A8D4810065F4BA /* StockRankCollectionViewCell.swift */,
			);
			path = Homework5;
			sourceTree = "<group>";
		};
		B68ED80A28A6026900F1B064 /* Homework4 */ = {
			isa = PBXGroup;
			children = (
				B68ED80B28A6028500F1B064 /* Homework4.storyboard */,
				B68ED80D28A6029300F1B064 /* HomeWork4ViewController.swift */,
			);
			path = Homework4;
			sourceTree = "<group>";
		};
		B6C8834528C22A1D003EAC2D /* Spotify */ = {
			isa = PBXGroup;
			children = (
				B6C8834628C22AA4003EAC2D /* SpotifyViewCoViewController.swift */,
				B6C8834828C22D6F003EAC2D /* SpotifyModel.swift */,
				B6C8834A28C43379003EAC2D /* BannerInfo.swift */,
				B6C8834C28C438D3003EAC2D /* BannerCell.swift */,
			);
			path = Spotify;
			sourceTree = "<group>";
		};
		C5F9D26E69C8C1B58F5E2B90 /* Pods */ = {
			isa = PBXGroup;
			children = (
			);
			path = Pods;
			sourceTree = "<group>";
		};
/* End PBXGroup section */

/* Begin PBXNativeTarget section */
		B65794CC289A799300121193 /* UIKitStudy */ = {
			isa = PBXNativeTarget;
			buildConfigurationList = B65794E1289A799300121193 /* Build configuration list for PBXNativeTarget "UIKitStudy" */;
			buildPhases = (
				B65794C9289A799300121193 /* Sources */,
				B65794CA289A799300121193 /* Frameworks */,
				B65794CB289A799300121193 /* Resources */,
			);
			buildRules = (
			);
			dependencies = (
			);
			name = UIKitStudy;
			productName = Homework2;
			productReference = B65794CD289A799300121193 /* UIKitStudy.app */;
			productType = "com.apple.product-type.application";
		};
/* End PBXNativeTarget section */

/* Begin PBXProject section */
		B65794C5289A799300121193 /* Project object */ = {
			isa = PBXProject;
			attributes = {
				BuildIndependentTargetsInParallel = 1;
				LastSwiftUpdateCheck = 1340;
				LastUpgradeCheck = 1340;
				TargetAttributes = {
					B65794CC289A799300121193 = {
						CreatedOnToolsVersion = 13.4.1;
					};
				};
			};
			buildConfigurationList = B65794C8289A799300121193 /* Build configuration list for PBXProject "UIKitStudy" */;
			compatibilityVersion = "Xcode 13.0";
			developmentRegion = en;
			hasScannedForEncodings = 0;
			knownRegions = (
				en,
				Base,
			);
			mainGroup = B65794C4289A799300121193;
			productRefGroup = B65794CE289A799300121193 /* Products */;
			projectDirPath = "";
			projectRoot = "";
			targets = (
				B65794CC289A799300121193 /* UIKitStudy */,
			);
		};
/* End PBXProject section */

/* Begin PBXResourcesBuildPhase section */
		B65794CB289A799300121193 /* Resources */ = {
			isa = PBXResourcesBuildPhase;
			buildActionMask = 2147483647;
			files = (
				B661B64F28B79BF5004EFE56 /* Homework6.storyboard in Resources */,
				B680909A28A8C92D002F694F /* Homework5.storyboard in Resources */,
				B65794DD289A799300121193 /* LaunchScreen.storyboard in Resources */,
				B65794DA289A799300121193 /* Assets.xcassets in Resources */,
				B66DBF4E28DFFFF1002B3CA4 /* TossBenefitStoryBoard.storyboard in Resources */,
				B68ED80C28A6028500F1B064 /* Homework4.storyboard in Resources */,
				B613847C28A3C93E0001BABA /* Homework3.storyboard in Resources */,
				B61520D828E0665D00C1CD83 /* MyPoint.storyboard in Resources */,
				B61520DF28E078AE00C1CD83 /* ButtonBenefit.storyboard in Resources */,
				B65794D8289A799300121193 /* Main.storyboard in Resources */,
			);
			runOnlyForDeploymentPostprocessing = 0;
		};
/* End PBXResourcesBuildPhase section */

/* Begin PBXSourcesBuildPhase section */
		B65794C9289A799300121193 /* Sources */ = {
			isa = PBXSourcesBuildPhase;
			buildActionMask = 2147483647;
			files = (
				B680909828A8C925002F694F /* Homework5ViewController.swift in Sources */,
				B6A8F0DA28A8D4810065F4BA /* StockRankCollectionViewCell.swift in Sources */,
				B63564BC28B9D6CE001108BF /* FrameworkModel.swift in Sources */,
				B65794D5289A799300121193 /* ViewController.swift in Sources */,
				B61520EA28E09F3E00C1CD83 /* MyPointViewModel.swift in Sources */,
				B6512E7828D2036800ECE6D5 /* InstagramViewController.swift in Sources */,
				B6A8F0D828A8CC0D0065F4BA /* StockModel.swift in Sources */,
				B61520E828E09D9800C1CD83 /* BenefitListViewModel.swift in Sources */,
				B6512E7A28D2046600ECE6D5 /* InstagramCell.swift in Sources */,
				B66DBF5428E00207002B3CA4 /* MyPoint.swift in Sources */,
				B661B64D28B79BDD004EFE56 /* ChatListViewController.swift in Sources */,
				B61520DC28E0686600C1CD83 /* MyPointViewController.swift in Sources */,
				B61520E428E0790900C1CD83 /* BenefitDetails.swift in Sources */,
				B66DBF5B28E003F5002B3CA4 /* BenefitCell.swift in Sources */,
				B65E34A728CCA089009EF028 /* ChatList.swift in Sources */,
				B65E34A528CC9F0B009EF028 /* KakaoChatListViewController.swift in Sources */,
				B6C8834928C22D6F003EAC2D /* SpotifyModel.swift in Sources */,
				B6A7B98D28CCA48000E83A92 /* ChatListCell.swift in Sources */,
				B65FA37D28BB3A2000C9DAB7 /* Focus.swift in Sources */,
				B68ED80E28A6029300F1B064 /* HomeWork4ViewController.swift in Sources */,
				B65FA37B28BB3A1800C9DAB7 /* HeadSpaceViewController.swift in Sources */,
				B66DBF5728E003C1002B3CA4 /* MyPointCell.swift in Sources */,
				B61520E628E07D6300C1CD83 /* BenefitGuideView.swift in Sources */,
				B63564C028B9D885001108BF /* AppleFrameworkCell.swift in Sources */,
				B66DBF5D28E006F0002B3CA4 /* TodaySectionItem.swift in Sources */,
				B6C8834728C22AA4003EAC2D /* SpotifyViewCoViewController.swift in Sources */,
				B66DBF5928E003E7002B3CA4 /* TodayBenefitCell.swift in Sources */,
				B661B64928B79BAF004EFE56 /* ChatListCollectionViewCell.swift in Sources */,
				B65794D1289A799300121193 /* AppDelegate.swift in Sources */,
				B6C8834D28C438D3003EAC2D /* BannerCell.swift in Sources */,
				B63564BE28B9D75C001108BF /* AppleFrameworkViewController.swift in Sources */,
				B61520E128E078BC00C1CD83 /* ButtonBenefitViewController.swift in Sources */,
				B66DBF5228E001FF002B3CA4 /* Benefit.swift in Sources */,
				B66DBF5028E00015002B3CA4 /* BenefitViewController.swift in Sources */,
				B661B65128B79CDD004EFE56 /* Chat.swift in Sources */,
				B613847E28A3C94F0001BABA /* Homework3ViewController.swift in Sources */,
				B6C8834B28C43379003EAC2D /* BannerInfo.swift in Sources */,
				B65794D3289A799300121193 /* SceneDelegate.swift in Sources */,
				B65FA37F28BB3AC600C9DAB7 /* HeadSpaceCollectionViewCell.swift in Sources */,
			);
			runOnlyForDeploymentPostprocessing = 0;
		};
/* End PBXSourcesBuildPhase section */

/* Begin PBXVariantGroup section */
		B65794D6289A799300121193 /* Main.storyboard */ = {
			isa = PBXVariantGroup;
			children = (
				B65794D7289A799300121193 /* Base */,
			);
			name = Main.storyboard;
			sourceTree = "<group>";
		};
		B65794DB289A799300121193 /* LaunchScreen.storyboard */ = {
			isa = PBXVariantGroup;
			children = (
				B65794DC289A799300121193 /* Base */,
			);
			name = LaunchScreen.storyboard;
			sourceTree = "<group>";
		};
/* End PBXVariantGroup section */

/* Begin XCBuildConfiguration section */
		B65794DF289A799300121193 /* Debug */ = {
			isa = XCBuildConfiguration;
			buildSettings = {
				ALWAYS_SEARCH_USER_PATHS = NO;
				CLANG_ANALYZER_NONNULL = YES;
				CLANG_ANALYZER_NUMBER_OBJECT_CONVERSION = YES_AGGRESSIVE;
				CLANG_CXX_LANGUAGE_STANDARD = "gnu++17";
				CLANG_ENABLE_MODULES = YES;
				CLANG_ENABLE_OBJC_ARC = YES;
				CLANG_ENABLE_OBJC_WEAK = YES;
				CLANG_WARN_BLOCK_CAPTURE_AUTORELEASING = YES;
				CLANG_WARN_BOOL_CONVERSION = YES;
				CLANG_WARN_COMMA = YES;
				CLANG_WARN_CONSTANT_CONVERSION = YES;
				CLANG_WARN_DEPRECATED_OBJC_IMPLEMENTATIONS = YES;
				CLANG_WARN_DIRECT_OBJC_ISA_USAGE = YES_ERROR;
				CLANG_WARN_DOCUMENTATION_COMMENTS = YES;
				CLANG_WARN_EMPTY_BODY = YES;
				CLANG_WARN_ENUM_CONVERSION = YES;
				CLANG_WARN_INFINITE_RECURSION = YES;
				CLANG_WARN_INT_CONVERSION = YES;
				CLANG_WARN_NON_LITERAL_NULL_CONVERSION = YES;
				CLANG_WARN_OBJC_IMPLICIT_RETAIN_SELF = YES;
				CLANG_WARN_OBJC_LITERAL_CONVERSION = YES;
				CLANG_WARN_OBJC_ROOT_CLASS = YES_ERROR;
				CLANG_WARN_QUOTED_INCLUDE_IN_FRAMEWORK_HEADER = YES;
				CLANG_WARN_RANGE_LOOP_ANALYSIS = YES;
				CLANG_WARN_STRICT_PROTOTYPES = YES;
				CLANG_WARN_SUSPICIOUS_MOVE = YES;
				CLANG_WARN_UNGUARDED_AVAILABILITY = YES_AGGRESSIVE;
				CLANG_WARN_UNREACHABLE_CODE = YES;
				CLANG_WARN__DUPLICATE_METHOD_MATCH = YES;
				COPY_PHASE_STRIP = NO;
				DEBUG_INFORMATION_FORMAT = dwarf;
				ENABLE_STRICT_OBJC_MSGSEND = YES;
				ENABLE_TESTABILITY = YES;
				GCC_C_LANGUAGE_STANDARD = gnu11;
				GCC_DYNAMIC_NO_PIC = NO;
				GCC_NO_COMMON_BLOCKS = YES;
				GCC_OPTIMIZATION_LEVEL = 0;
				GCC_PREPROCESSOR_DEFINITIONS = (
					"DEBUG=1",
					"$(inherited)",
				);
				GCC_WARN_64_TO_32_BIT_CONVERSION = YES;
				GCC_WARN_ABOUT_RETURN_TYPE = YES_ERROR;
				GCC_WARN_UNDECLARED_SELECTOR = YES;
				GCC_WARN_UNINITIALIZED_AUTOS = YES_AGGRESSIVE;
				GCC_WARN_UNUSED_FUNCTION = YES;
				GCC_WARN_UNUSED_VARIABLE = YES;
				IPHONEOS_DEPLOYMENT_TARGET = 15.5;
				MTL_ENABLE_DEBUG_INFO = INCLUDE_SOURCE;
				MTL_FAST_MATH = YES;
				ONLY_ACTIVE_ARCH = YES;
				SDKROOT = iphoneos;
				SWIFT_ACTIVE_COMPILATION_CONDITIONS = DEBUG;
				SWIFT_OPTIMIZATION_LEVEL = "-Onone";
			};
			name = Debug;
		};
		B65794E0289A799300121193 /* Release */ = {
			isa = XCBuildConfiguration;
			buildSettings = {
				ALWAYS_SEARCH_USER_PATHS = NO;
				CLANG_ANALYZER_NONNULL = YES;
				CLANG_ANALYZER_NUMBER_OBJECT_CONVERSION = YES_AGGRESSIVE;
				CLANG_CXX_LANGUAGE_STANDARD = "gnu++17";
				CLANG_ENABLE_MODULES = YES;
				CLANG_ENABLE_OBJC_ARC = YES;
				CLANG_ENABLE_OBJC_WEAK = YES;
				CLANG_WARN_BLOCK_CAPTURE_AUTORELEASING = YES;
				CLANG_WARN_BOOL_CONVERSION = YES;
				CLANG_WARN_COMMA = YES;
				CLANG_WARN_CONSTANT_CONVERSION = YES;
				CLANG_WARN_DEPRECATED_OBJC_IMPLEMENTATIONS = YES;
				CLANG_WARN_DIRECT_OBJC_ISA_USAGE = YES_ERROR;
				CLANG_WARN_DOCUMENTATION_COMMENTS = YES;
				CLANG_WARN_EMPTY_BODY = YES;
				CLANG_WARN_ENUM_CONVERSION = YES;
				CLANG_WARN_INFINITE_RECURSION = YES;
				CLANG_WARN_INT_CONVERSION = YES;
				CLANG_WARN_NON_LITERAL_NULL_CONVERSION = YES;
				CLANG_WARN_OBJC_IMPLICIT_RETAIN_SELF = YES;
				CLANG_WARN_OBJC_LITERAL_CONVERSION = YES;
				CLANG_WARN_OBJC_ROOT_CLASS = YES_ERROR;
				CLANG_WARN_QUOTED_INCLUDE_IN_FRAMEWORK_HEADER = YES;
				CLANG_WARN_RANGE_LOOP_ANALYSIS = YES;
				CLANG_WARN_STRICT_PROTOTYPES = YES;
				CLANG_WARN_SUSPICIOUS_MOVE = YES;
				CLANG_WARN_UNGUARDED_AVAILABILITY = YES_AGGRESSIVE;
				CLANG_WARN_UNREACHABLE_CODE = YES;
				CLANG_WARN__DUPLICATE_METHOD_MATCH = YES;
				COPY_PHASE_STRIP = NO;
				DEBUG_INFORMATION_FORMAT = "dwarf-with-dsym";
				ENABLE_NS_ASSERTIONS = NO;
				ENABLE_STRICT_OBJC_MSGSEND = YES;
				GCC_C_LANGUAGE_STANDARD = gnu11;
				GCC_NO_COMMON_BLOCKS = YES;
				GCC_WARN_64_TO_32_BIT_CONVERSION = YES;
				GCC_WARN_ABOUT_RETURN_TYPE = YES_ERROR;
				GCC_WARN_UNDECLARED_SELECTOR = YES;
				GCC_WARN_UNINITIALIZED_AUTOS = YES_AGGRESSIVE;
				GCC_WARN_UNUSED_FUNCTION = YES;
				GCC_WARN_UNUSED_VARIABLE = YES;
				IPHONEOS_DEPLOYMENT_TARGET = 15.5;
				MTL_ENABLE_DEBUG_INFO = NO;
				MTL_FAST_MATH = YES;
				SDKROOT = iphoneos;
				SWIFT_COMPILATION_MODE = wholemodule;
				SWIFT_OPTIMIZATION_LEVEL = "-O";
				VALIDATE_PRODUCT = YES;
			};
			name = Release;
		};
		B65794E2289A799300121193 /* Debug */ = {
			isa = XCBuildConfiguration;
			buildSettings = {
				ASSETCATALOG_COMPILER_APPICON_NAME = AppIcon;
				ASSETCATALOG_COMPILER_GLOBAL_ACCENT_COLOR_NAME = AccentColor;
				CODE_SIGN_STYLE = Automatic;
				CURRENT_PROJECT_VERSION = 1;
				DEVELOPMENT_TEAM = FUV2GHVQ46;
				GENERATE_INFOPLIST_FILE = YES;
				INFOPLIST_FILE = Homework2/Info.plist;
				INFOPLIST_KEY_CFBundleDisplayName = UIKitStudy;
				INFOPLIST_KEY_UIApplicationSupportsIndirectInputEvents = YES;
				INFOPLIST_KEY_UILaunchStoryboardName = LaunchScreen;
				INFOPLIST_KEY_UIMainStoryboardFile = Main;
				INFOPLIST_KEY_UISupportedInterfaceOrientations_iPad = "UIInterfaceOrientationPortrait UIInterfaceOrientationPortraitUpsideDown UIInterfaceOrientationLandscapeLeft UIInterfaceOrientationLandscapeRight";
				INFOPLIST_KEY_UISupportedInterfaceOrientations_iPhone = "UIInterfaceOrientationPortrait UIInterfaceOrientationLandscapeLeft UIInterfaceOrientationLandscapeRight";
				LD_RUNPATH_SEARCH_PATHS = (
					"$(inherited)",
					"@executable_path/Frameworks",
				);
				MARKETING_VERSION = 1.0;
				PRODUCT_BUNDLE_IDENTIFIER = com.SY.Homework2;
				PRODUCT_NAME = "$(TARGET_NAME)";
				SWIFT_EMIT_LOC_STRINGS = YES;
				SWIFT_VERSION = 5.0;
				TARGETED_DEVICE_FAMILY = "1,2";
			};
			name = Debug;
		};
		B65794E3289A799300121193 /* Release */ = {
			isa = XCBuildConfiguration;
			buildSettings = {
				ASSETCATALOG_COMPILER_APPICON_NAME = AppIcon;
				ASSETCATALOG_COMPILER_GLOBAL_ACCENT_COLOR_NAME = AccentColor;
				CODE_SIGN_STYLE = Automatic;
				CURRENT_PROJECT_VERSION = 1;
				DEVELOPMENT_TEAM = FUV2GHVQ46;
				GENERATE_INFOPLIST_FILE = YES;
				INFOPLIST_FILE = Homework2/Info.plist;
				INFOPLIST_KEY_CFBundleDisplayName = UIKitStudy;
				INFOPLIST_KEY_UIApplicationSupportsIndirectInputEvents = YES;
				INFOPLIST_KEY_UILaunchStoryboardName = LaunchScreen;
				INFOPLIST_KEY_UIMainStoryboardFile = Main;
				INFOPLIST_KEY_UISupportedInterfaceOrientations_iPad = "UIInterfaceOrientationPortrait UIInterfaceOrientationPortraitUpsideDown UIInterfaceOrientationLandscapeLeft UIInterfaceOrientationLandscapeRight";
				INFOPLIST_KEY_UISupportedInterfaceOrientations_iPhone = "UIInterfaceOrientationPortrait UIInterfaceOrientationLandscapeLeft UIInterfaceOrientationLandscapeRight";
				LD_RUNPATH_SEARCH_PATHS = (
					"$(inherited)",
					"@executable_path/Frameworks",
				);
				MARKETING_VERSION = 1.0;
				PRODUCT_BUNDLE_IDENTIFIER = com.SY.Homework2;
				PRODUCT_NAME = "$(TARGET_NAME)";
				SWIFT_EMIT_LOC_STRINGS = YES;
				SWIFT_VERSION = 5.0;
				TARGETED_DEVICE_FAMILY = "1,2";
			};
			name = Release;
		};
/* End XCBuildConfiguration section */

/* Begin XCConfigurationList section */
		B65794C8289A799300121193 /* Build configuration list for PBXProject "UIKitStudy" */ = {
			isa = XCConfigurationList;
			buildConfigurations = (
				B65794DF289A799300121193 /* Debug */,
				B65794E0289A799300121193 /* Release */,
			);
			defaultConfigurationIsVisible = 0;
			defaultConfigurationName = Release;
		};
		B65794E1289A799300121193 /* Build configuration list for PBXNativeTarget "UIKitStudy" */ = {
			isa = XCConfigurationList;
			buildConfigurations = (
				B65794E2289A799300121193 /* Debug */,
				B65794E3289A799300121193 /* Release */,
			);
			defaultConfigurationIsVisible = 0;
			defaultConfigurationName = Release;
		};
/* End XCConfigurationList section */
	};
	rootObject = B65794C5289A799300121193 /* Project object */;
}
