// !$*UTF8*$!
{
	archiveVersion = 1;
	classes = {
	};
	objectVersion = 55;
	objects = {

/* Begin PBXBuildFile section */
		7B41AA21857A00AF2458C60B /* Pods_Homework2.framework in Frameworks */ = {isa = PBXBuildFile; fileRef = 4594877DCB7C89FB2E542825 /* Pods_Homework2.framework */; };
		B613847C28A3C93E0001BABA /* Homework3.storyboard in Resources */ = {isa = PBXBuildFile; fileRef = B613847B28A3C93E0001BABA /* Homework3.storyboard */; };
		B613847E28A3C94F0001BABA /* Homework3ViewController.swift in Sources */ = {isa = PBXBuildFile; fileRef = B613847D28A3C94F0001BABA /* Homework3ViewController.swift */; };
		B65794D1289A799300121193 /* AppDelegate.swift in Sources */ = {isa = PBXBuildFile; fileRef = B65794D0289A799300121193 /* AppDelegate.swift */; };
		B65794D3289A799300121193 /* SceneDelegate.swift in Sources */ = {isa = PBXBuildFile; fileRef = B65794D2289A799300121193 /* SceneDelegate.swift */; };
		B65794D5289A799300121193 /* ViewController.swift in Sources */ = {isa = PBXBuildFile; fileRef = B65794D4289A799300121193 /* ViewController.swift */; };
		B65794D8289A799300121193 /* Main.storyboard in Resources */ = {isa = PBXBuildFile; fileRef = B65794D6289A799300121193 /* Main.storyboard */; };
		B65794DA289A799300121193 /* Assets.xcassets in Resources */ = {isa = PBXBuildFile; fileRef = B65794D9289A799300121193 /* Assets.xcassets */; };
		B65794DD289A799300121193 /* LaunchScreen.storyboard in Resources */ = {isa = PBXBuildFile; fileRef = B65794DB289A799300121193 /* LaunchScreen.storyboard */; };
		B68ED80C28A6028500F1B064 /* Homework4.storyboard in Resources */ = {isa = PBXBuildFile; fileRef = B68ED80B28A6028500F1B064 /* Homework4.storyboard */; };
		B68ED80E28A6029300F1B064 /* HomeWork4ViewController.swift in Sources */ = {isa = PBXBuildFile; fileRef = B68ED80D28A6029300F1B064 /* HomeWork4ViewController.swift */; };
/* End PBXBuildFile section */

/* Begin PBXFileReference section */
		4594877DCB7C89FB2E542825 /* Pods_Homework2.framework */ = {isa = PBXFileReference; explicitFileType = wrapper.framework; includeInIndex = 0; path = Pods_Homework2.framework; sourceTree = BUILT_PRODUCTS_DIR; };
		4937384E82ADA447E4C3B459 /* Pods-Homework2.release.xcconfig */ = {isa = PBXFileReference; includeInIndex = 1; lastKnownFileType = text.xcconfig; name = "Pods-Homework2.release.xcconfig"; path = "Target Support Files/Pods-Homework2/Pods-Homework2.release.xcconfig"; sourceTree = "<group>"; };
		8908267E99476014AE10350F /* Pods-Homework2.debug.xcconfig */ = {isa = PBXFileReference; includeInIndex = 1; lastKnownFileType = text.xcconfig; name = "Pods-Homework2.debug.xcconfig"; path = "Target Support Files/Pods-Homework2/Pods-Homework2.debug.xcconfig"; sourceTree = "<group>"; };
		B613847B28A3C93E0001BABA /* Homework3.storyboard */ = {isa = PBXFileReference; lastKnownFileType = file.storyboard; path = Homework3.storyboard; sourceTree = "<group>"; };
		B613847D28A3C94F0001BABA /* Homework3ViewController.swift */ = {isa = PBXFileReference; lastKnownFileType = sourcecode.swift; path = Homework3ViewController.swift; sourceTree = "<group>"; };
		B65794CD289A799300121193 /* Homework2.app */ = {isa = PBXFileReference; explicitFileType = wrapper.application; includeInIndex = 0; path = Homework2.app; sourceTree = BUILT_PRODUCTS_DIR; };
		B65794D0289A799300121193 /* AppDelegate.swift */ = {isa = PBXFileReference; lastKnownFileType = sourcecode.swift; path = AppDelegate.swift; sourceTree = "<group>"; };
		B65794D2289A799300121193 /* SceneDelegate.swift */ = {isa = PBXFileReference; lastKnownFileType = sourcecode.swift; path = SceneDelegate.swift; sourceTree = "<group>"; };
		B65794D4289A799300121193 /* ViewController.swift */ = {isa = PBXFileReference; lastKnownFileType = sourcecode.swift; path = ViewController.swift; sourceTree = "<group>"; };
		B65794D7289A799300121193 /* Base */ = {isa = PBXFileReference; lastKnownFileType = file.storyboard; name = Base; path = Base.lproj/Main.storyboard; sourceTree = "<group>"; };
		B65794D9289A799300121193 /* Assets.xcassets */ = {isa = PBXFileReference; lastKnownFileType = folder.assetcatalog; path = Assets.xcassets; sourceTree = "<group>"; };
		B65794DC289A799300121193 /* Base */ = {isa = PBXFileReference; lastKnownFileType = file.storyboard; name = Base; path = Base.lproj/LaunchScreen.storyboard; sourceTree = "<group>"; };
		B65794DE289A799300121193 /* Info.plist */ = {isa = PBXFileReference; lastKnownFileType = text.plist.xml; path = Info.plist; sourceTree = "<group>"; };
		B68ED80B28A6028500F1B064 /* Homework4.storyboard */ = {isa = PBXFileReference; lastKnownFileType = file.storyboard; path = Homework4.storyboard; sourceTree = "<group>"; };
		B68ED80D28A6029300F1B064 /* HomeWork4ViewController.swift */ = {isa = PBXFileReference; lastKnownFileType = sourcecode.swift; path = HomeWork4ViewController.swift; sourceTree = "<group>"; };
/* End PBXFileReference section */

/* Begin PBXFrameworksBuildPhase section */
		B65794CA289A799300121193 /* Frameworks */ = {
			isa = PBXFrameworksBuildPhase;
			buildActionMask = 2147483647;
			files = (
				7B41AA21857A00AF2458C60B /* Pods_Homework2.framework in Frameworks */,
			);
			runOnlyForDeploymentPostprocessing = 0;
		};
/* End PBXFrameworksBuildPhase section */

/* Begin PBXGroup section */
		B613847A28A3C91A0001BABA /* Homework3 */ = {
			isa = PBXGroup;
			children = (
				B613847B28A3C93E0001BABA /* Homework3.storyboard */,
				B613847D28A3C94F0001BABA /* Homework3ViewController.swift */,
			);
			path = Homework3;
			sourceTree = "<group>";
		};
		B65794C4289A799300121193 = {
			isa = PBXGroup;
			children = (
				B68ED80A28A6026900F1B064 /* Homework4 */,
				B613847A28A3C91A0001BABA /* Homework3 */,
				B65794CF289A799300121193 /* Homework2 */,
				B65794CE289A799300121193 /* Products */,
				C5F9D26E69C8C1B58F5E2B90 /* Pods */,
				F774F3306BB7F22F469F8B15 /* Frameworks */,
			);
			sourceTree = "<group>";
		};
		B65794CE289A799300121193 /* Products */ = {
			isa = PBXGroup;
			children = (
				B65794CD289A799300121193 /* Homework2.app */,
			);
			name = Products;
			sourceTree = "<group>";
		};
		B65794CF289A799300121193 /* Homework2 */ = {
			isa = PBXGroup;
			children = (
				B65794D0289A799300121193 /* AppDelegate.swift */,
				B65794D2289A799300121193 /* SceneDelegate.swift */,
				B65794D4289A799300121193 /* ViewController.swift */,
				B65794D6289A799300121193 /* Main.storyboard */,
				B65794D9289A799300121193 /* Assets.xcassets */,
				B65794DB289A799300121193 /* LaunchScreen.storyboard */,
				B65794DE289A799300121193 /* Info.plist */,
			);
			path = Homework2;
			sourceTree = "<group>";
		};
		B68ED80A28A6026900F1B064 /* Homework4 */ = {
			isa = PBXGroup;
			children = (
				B68ED80B28A6028500F1B064 /* Homework4.storyboard */,
				B68ED80D28A6029300F1B064 /* HomeWork4ViewController.swift */,
			);
			path = Homework4;
			sourceTree = "<group>";
		};
		C5F9D26E69C8C1B58F5E2B90 /* Pods */ = {
			isa = PBXGroup;
			children = (
				8908267E99476014AE10350F /* Pods-Homework2.debug.xcconfig */,
				4937384E82ADA447E4C3B459 /* Pods-Homework2.release.xcconfig */,
			);
			path = Pods;
			sourceTree = "<group>";
		};
		F774F3306BB7F22F469F8B15 /* Frameworks */ = {
			isa = PBXGroup;
			children = (
				4594877DCB7C89FB2E542825 /* Pods_Homework2.framework */,
			);
			name = Frameworks;
			sourceTree = "<group>";
		};
/* End PBXGroup section */

/* Begin PBXNativeTarget section */
		B65794CC289A799300121193 /* Homework2 */ = {
			isa = PBXNativeTarget;
			buildConfigurationList = B65794E1289A799300121193 /* Build configuration list for PBXNativeTarget "Homework2" */;
			buildPhases = (
				5A31866278F15AE45783669A /* [CP] Check Pods Manifest.lock */,
				B65794C9289A799300121193 /* Sources */,
				B65794CA289A799300121193 /* Frameworks */,
				B65794CB289A799300121193 /* Resources */,
				2F55B5ABBB1F4CB124FC2F1F /* [CP] Embed Pods Frameworks */,
			);
			buildRules = (
			);
			dependencies = (
			);
			name = Homework2;
			productName = Homework2;
			productReference = B65794CD289A799300121193 /* Homework2.app */;
			productType = "com.apple.product-type.application";
		};
/* End PBXNativeTarget section */

/* Begin PBXProject section */
		B65794C5289A799300121193 /* Project object */ = {
			isa = PBXProject;
			attributes = {
				BuildIndependentTargetsInParallel = 1;
				LastSwiftUpdateCheck = 1340;
				LastUpgradeCheck = 1340;
				TargetAttributes = {
					B65794CC289A799300121193 = {
						CreatedOnToolsVersion = 13.4.1;
					};
				};
			};
			buildConfigurationList = B65794C8289A799300121193 /* Build configuration list for PBXProject "Homework2" */;
			compatibilityVersion = "Xcode 13.0";
			developmentRegion = en;
			hasScannedForEncodings = 0;
			knownRegions = (
				en,
				Base,
			);
			mainGroup = B65794C4289A799300121193;
			productRefGroup = B65794CE289A799300121193 /* Products */;
			projectDirPath = "";
			projectRoot = "";
			targets = (
				B65794CC289A799300121193 /* Homework2 */,
			);
		};
/* End PBXProject section */

/* Begin PBXResourcesBuildPhase section */
		B65794CB289A799300121193 /* Resources */ = {
			isa = PBXResourcesBuildPhase;
			buildActionMask = 2147483647;
			files = (
				B65794DD289A799300121193 /* LaunchScreen.storyboard in Resources */,
				B65794DA289A799300121193 /* Assets.xcassets in Resources */,
				B68ED80C28A6028500F1B064 /* Homework4.storyboard in Resources */,
				B613847C28A3C93E0001BABA /* Homework3.storyboard in Resources */,
				B65794D8289A799300121193 /* Main.storyboard in Resources */,
			);
			runOnlyForDeploymentPostprocessing = 0;
		};
/* End PBXResourcesBuildPhase section */

/* Begin PBXShellScriptBuildPhase section */
		2F55B5ABBB1F4CB124FC2F1F /* [CP] Embed Pods Frameworks */ = {
			isa = PBXShellScriptBuildPhase;
			buildActionMask = 2147483647;
			files = (
			);
			inputFileListPaths = (
				"${PODS_ROOT}/Target Support Files/Pods-Homework2/Pods-Homework2-frameworks-${CONFIGURATION}-input-files.xcfilelist",
			);
			name = "[CP] Embed Pods Frameworks";
			outputFileListPaths = (
				"${PODS_ROOT}/Target Support Files/Pods-Homework2/Pods-Homework2-frameworks-${CONFIGURATION}-output-files.xcfilelist",
			);
			runOnlyForDeploymentPostprocessing = 0;
			shellPath = /bin/sh;
			shellScript = "\"${PODS_ROOT}/Target Support Files/Pods-Homework2/Pods-Homework2-frameworks.sh\"\n";
			showEnvVarsInLog = 0;
		};
		5A31866278F15AE45783669A /* [CP] Check Pods Manifest.lock */ = {
			isa = PBXShellScriptBuildPhase;
			buildActionMask = 2147483647;
			files = (
			);
			inputFileListPaths = (
			);
			inputPaths = (
				"${PODS_PODFILE_DIR_PATH}/Podfile.lock",
				"${PODS_ROOT}/Manifest.lock",
			);
			name = "[CP] Check Pods Manifest.lock";
			outputFileListPaths = (
			);
			outputPaths = (
				"$(DERIVED_FILE_DIR)/Pods-Homework2-checkManifestLockResult.txt",
			);
			runOnlyForDeploymentPostprocessing = 0;
			shellPath = /bin/sh;
			shellScript = "diff \"${PODS_PODFILE_DIR_PATH}/Podfile.lock\" \"${PODS_ROOT}/Manifest.lock\" > /dev/null\nif [ $? != 0 ] ; then\n    # print error to STDERR\n    echo \"error: The sandbox is not in sync with the Podfile.lock. Run 'pod install' or update your CocoaPods installation.\" >&2\n    exit 1\nfi\n# This output is used by Xcode 'outputs' to avoid re-running this script phase.\necho \"SUCCESS\" > \"${SCRIPT_OUTPUT_FILE_0}\"\n";
			showEnvVarsInLog = 0;
		};
/* End PBXShellScriptBuildPhase section */

/* Begin PBXSourcesBuildPhase section */
		B65794C9289A799300121193 /* Sources */ = {
			isa = PBXSourcesBuildPhase;
			buildActionMask = 2147483647;
			files = (
				B65794D5289A799300121193 /* ViewController.swift in Sources */,
				B68ED80E28A6029300F1B064 /* HomeWork4ViewController.swift in Sources */,
				B65794D1289A799300121193 /* AppDelegate.swift in Sources */,
				B613847E28A3C94F0001BABA /* Homework3ViewController.swift in Sources */,
				B65794D3289A799300121193 /* SceneDelegate.swift in Sources */,
			);
			runOnlyForDeploymentPostprocessing = 0;
		};
/* End PBXSourcesBuildPhase section */

/* Begin PBXVariantGroup section */
		B65794D6289A799300121193 /* Main.storyboard */ = {
			isa = PBXVariantGroup;
			children = (
				B65794D7289A799300121193 /* Base */,
			);
			name = Main.storyboard;
			sourceTree = "<group>";
		};
		B65794DB289A799300121193 /* LaunchScreen.storyboard */ = {
			isa = PBXVariantGroup;
			children = (
				B65794DC289A799300121193 /* Base */,
			);
			name = LaunchScreen.storyboard;
			sourceTree = "<group>";
		};
/* End PBXVariantGroup section */

/* Begin XCBuildConfiguration section */
		B65794DF289A799300121193 /* Debug */ = {
			isa = XCBuildConfiguration;
			buildSettings = {
				ALWAYS_SEARCH_USER_PATHS = NO;
				CLANG_ANALYZER_NONNULL = YES;
				CLANG_ANALYZER_NUMBER_OBJECT_CONVERSION = YES_AGGRESSIVE;
				CLANG_CXX_LANGUAGE_STANDARD = "gnu++17";
				CLANG_ENABLE_MODULES = YES;
				CLANG_ENABLE_OBJC_ARC = YES;
				CLANG_ENABLE_OBJC_WEAK = YES;
				CLANG_WARN_BLOCK_CAPTURE_AUTORELEASING = YES;
				CLANG_WARN_BOOL_CONVERSION = YES;
				CLANG_WARN_COMMA = YES;
				CLANG_WARN_CONSTANT_CONVERSION = YES;
				CLANG_WARN_DEPRECATED_OBJC_IMPLEMENTATIONS = YES;
				CLANG_WARN_DIRECT_OBJC_ISA_USAGE = YES_ERROR;
				CLANG_WARN_DOCUMENTATION_COMMENTS = YES;
				CLANG_WARN_EMPTY_BODY = YES;
				CLANG_WARN_ENUM_CONVERSION = YES;
				CLANG_WARN_INFINITE_RECURSION = YES;
				CLANG_WARN_INT_CONVERSION = YES;
				CLANG_WARN_NON_LITERAL_NULL_CONVERSION = YES;
				CLANG_WARN_OBJC_IMPLICIT_RETAIN_SELF = YES;
				CLANG_WARN_OBJC_LITERAL_CONVERSION = YES;
				CLANG_WARN_OBJC_ROOT_CLASS = YES_ERROR;
				CLANG_WARN_QUOTED_INCLUDE_IN_FRAMEWORK_HEADER = YES;
				CLANG_WARN_RANGE_LOOP_ANALYSIS = YES;
				CLANG_WARN_STRICT_PROTOTYPES = YES;
				CLANG_WARN_SUSPICIOUS_MOVE = YES;
				CLANG_WARN_UNGUARDED_AVAILABILITY = YES_AGGRESSIVE;
				CLANG_WARN_UNREACHABLE_CODE = YES;
				CLANG_WARN__DUPLICATE_METHOD_MATCH = YES;
				COPY_PHASE_STRIP = NO;
				DEBUG_INFORMATION_FORMAT = dwarf;
				ENABLE_STRICT_OBJC_MSGSEND = YES;
				ENABLE_TESTABILITY = YES;
				GCC_C_LANGUAGE_STANDARD = gnu11;
				GCC_DYNAMIC_NO_PIC = NO;
				GCC_NO_COMMON_BLOCKS = YES;
				GCC_OPTIMIZATION_LEVEL = 0;
				GCC_PREPROCESSOR_DEFINITIONS = (
					"DEBUG=1",
					"$(inherited)",
				);
				GCC_WARN_64_TO_32_BIT_CONVERSION = YES;
				GCC_WARN_ABOUT_RETURN_TYPE = YES_ERROR;
				GCC_WARN_UNDECLARED_SELECTOR = YES;
				GCC_WARN_UNINITIALIZED_AUTOS = YES_AGGRESSIVE;
				GCC_WARN_UNUSED_FUNCTION = YES;
				GCC_WARN_UNUSED_VARIABLE = YES;
				IPHONEOS_DEPLOYMENT_TARGET = 15.5;
				MTL_ENABLE_DEBUG_INFO = INCLUDE_SOURCE;
				MTL_FAST_MATH = YES;
				ONLY_ACTIVE_ARCH = YES;
				SDKROOT = iphoneos;
				SWIFT_ACTIVE_COMPILATION_CONDITIONS = DEBUG;
				SWIFT_OPTIMIZATION_LEVEL = "-Onone";
			};
			name = Debug;
		};
		B65794E0289A799300121193 /* Release */ = {
			isa = XCBuildConfiguration;
			buildSettings = {
				ALWAYS_SEARCH_USER_PATHS = NO;
				CLANG_ANALYZER_NONNULL = YES;
				CLANG_ANALYZER_NUMBER_OBJECT_CONVERSION = YES_AGGRESSIVE;
				CLANG_CXX_LANGUAGE_STANDARD = "gnu++17";
				CLANG_ENABLE_MODULES = YES;
				CLANG_ENABLE_OBJC_ARC = YES;
				CLANG_ENABLE_OBJC_WEAK = YES;
				CLANG_WARN_BLOCK_CAPTURE_AUTORELEASING = YES;
				CLANG_WARN_BOOL_CONVERSION = YES;
				CLANG_WARN_COMMA = YES;
				CLANG_WARN_CONSTANT_CONVERSION = YES;
				CLANG_WARN_DEPRECATED_OBJC_IMPLEMENTATIONS = YES;
				CLANG_WARN_DIRECT_OBJC_ISA_USAGE = YES_ERROR;
				CLANG_WARN_DOCUMENTATION_COMMENTS = YES;
				CLANG_WARN_EMPTY_BODY = YES;
				CLANG_WARN_ENUM_CONVERSION = YES;
				CLANG_WARN_INFINITE_RECURSION = YES;
				CLANG_WARN_INT_CONVERSION = YES;
				CLANG_WARN_NON_LITERAL_NULL_CONVERSION = YES;
				CLANG_WARN_OBJC_IMPLICIT_RETAIN_SELF = YES;
				CLANG_WARN_OBJC_LITERAL_CONVERSION = YES;
				CLANG_WARN_OBJC_ROOT_CLASS = YES_ERROR;
				CLANG_WARN_QUOTED_INCLUDE_IN_FRAMEWORK_HEADER = YES;
				CLANG_WARN_RANGE_LOOP_ANALYSIS = YES;
				CLANG_WARN_STRICT_PROTOTYPES = YES;
				CLANG_WARN_SUSPICIOUS_MOVE = YES;
				CLANG_WARN_UNGUARDED_AVAILABILITY = YES_AGGRESSIVE;
				CLANG_WARN_UNREACHABLE_CODE = YES;
				CLANG_WARN__DUPLICATE_METHOD_MATCH = YES;
				COPY_PHASE_STRIP = NO;
				DEBUG_INFORMATION_FORMAT = "dwarf-with-dsym";
				ENABLE_NS_ASSERTIONS = NO;
				ENABLE_STRICT_OBJC_MSGSEND = YES;
				GCC_C_LANGUAGE_STANDARD = gnu11;
				GCC_NO_COMMON_BLOCKS = YES;
				GCC_WARN_64_TO_32_BIT_CONVERSION = YES;
				GCC_WARN_ABOUT_RETURN_TYPE = YES_ERROR;
				GCC_WARN_UNDECLARED_SELECTOR = YES;
				GCC_WARN_UNINITIALIZED_AUTOS = YES_AGGRESSIVE;
				GCC_WARN_UNUSED_FUNCTION = YES;
				GCC_WARN_UNUSED_VARIABLE = YES;
				IPHONEOS_DEPLOYMENT_TARGET = 15.5;
				MTL_ENABLE_DEBUG_INFO = NO;
				MTL_FAST_MATH = YES;
				SDKROOT = iphoneos;
				SWIFT_COMPILATION_MODE = wholemodule;
				SWIFT_OPTIMIZATION_LEVEL = "-O";
				VALIDATE_PRODUCT = YES;
			};
			name = Release;
		};
		B65794E2289A799300121193 /* Debug */ = {
			isa = XCBuildConfiguration;
			baseConfigurationReference = 8908267E99476014AE10350F /* Pods-Homework2.debug.xcconfig */;
			buildSettings = {
				ASSETCATALOG_COMPILER_APPICON_NAME = AppIcon;
				ASSETCATALOG_COMPILER_GLOBAL_ACCENT_COLOR_NAME = AccentColor;
				CODE_SIGN_STYLE = Automatic;
				CURRENT_PROJECT_VERSION = 1;
				DEVELOPMENT_TEAM = FUV2GHVQ46;
				GENERATE_INFOPLIST_FILE = YES;
				INFOPLIST_FILE = Homework2/Info.plist;
				INFOPLIST_KEY_UIApplicationSupportsIndirectInputEvents = YES;
				INFOPLIST_KEY_UILaunchStoryboardName = LaunchScreen;
				INFOPLIST_KEY_UIMainStoryboardFile = Main;
				INFOPLIST_KEY_UISupportedInterfaceOrientations_iPad = "UIInterfaceOrientationPortrait UIInterfaceOrientationPortraitUpsideDown UIInterfaceOrientationLandscapeLeft UIInterfaceOrientationLandscapeRight";
				INFOPLIST_KEY_UISupportedInterfaceOrientations_iPhone = "UIInterfaceOrientationPortrait UIInterfaceOrientationLandscapeLeft UIInterfaceOrientationLandscapeRight";
				LD_RUNPATH_SEARCH_PATHS = (
					"$(inherited)",
					"@executable_path/Frameworks",
				);
				MARKETING_VERSION = 1.0;
				PRODUCT_BUNDLE_IDENTIFIER = com.SY.Homework2;
				PRODUCT_NAME = "$(TARGET_NAME)";
				SWIFT_EMIT_LOC_STRINGS = YES;
				SWIFT_VERSION = 5.0;
				TARGETED_DEVICE_FAMILY = "1,2";
			};
			name = Debug;
		};
		B65794E3289A799300121193 /* Release */ = {
			isa = XCBuildConfiguration;
			baseConfigurationReference = 4937384E82ADA447E4C3B459 /* Pods-Homework2.release.xcconfig */;
			buildSettings = {
				ASSETCATALOG_COMPILER_APPICON_NAME = AppIcon;
				ASSETCATALOG_COMPILER_GLOBAL_ACCENT_COLOR_NAME = AccentColor;
				CODE_SIGN_STYLE = Automatic;
				CURRENT_PROJECT_VERSION = 1;
				DEVELOPMENT_TEAM = FUV2GHVQ46;
				GENERATE_INFOPLIST_FILE = YES;
				INFOPLIST_FILE = Homework2/Info.plist;
				INFOPLIST_KEY_UIApplicationSupportsIndirectInputEvents = YES;
				INFOPLIST_KEY_UILaunchStoryboardName = LaunchScreen;
				INFOPLIST_KEY_UIMainStoryboardFile = Main;
				INFOPLIST_KEY_UISupportedInterfaceOrientations_iPad = "UIInterfaceOrientationPortrait UIInterfaceOrientationPortraitUpsideDown UIInterfaceOrientationLandscapeLeft UIInterfaceOrientationLandscapeRight";
				INFOPLIST_KEY_UISupportedInterfaceOrientations_iPhone = "UIInterfaceOrientationPortrait UIInterfaceOrientationLandscapeLeft UIInterfaceOrientationLandscapeRight";
				LD_RUNPATH_SEARCH_PATHS = (
					"$(inherited)",
					"@executable_path/Frameworks",
				);
				MARKETING_VERSION = 1.0;
				PRODUCT_BUNDLE_IDENTIFIER = com.SY.Homework2;
				PRODUCT_NAME = "$(TARGET_NAME)";
				SWIFT_EMIT_LOC_STRINGS = YES;
				SWIFT_VERSION = 5.0;
				TARGETED_DEVICE_FAMILY = "1,2";
			};
			name = Release;
		};
/* End XCBuildConfiguration section */

/* Begin XCConfigurationList section */
		B65794C8289A799300121193 /* Build configuration list for PBXProject "Homework2" */ = {
			isa = XCConfigurationList;
			buildConfigurations = (
				B65794DF289A799300121193 /* Debug */,
				B65794E0289A799300121193 /* Release */,
			);
			defaultConfigurationIsVisible = 0;
			defaultConfigurationName = Release;
		};
		B65794E1289A799300121193 /* Build configuration list for PBXNativeTarget "Homework2" */ = {
			isa = XCConfigurationList;
			buildConfigurations = (
				B65794E2289A799300121193 /* Debug */,
				B65794E3289A799300121193 /* Release */,
			);
			defaultConfigurationIsVisible = 0;
			defaultConfigurationName = Release;
		};
/* End XCConfigurationList section */
	};
	rootObject = B65794C5289A799300121193 /* Project object */;
}
